
Microsoft Visual Studio Solution File, Format Version 12.00
# Visual Studio Version 16
VisualStudioVersion = 16.0.31205.134
MinimumVisualStudioVersion = 10.0.40219.1
Project("{9A19103F-16F7-4668-BE54-9A1E7A4F7556}") = "CatalogApiLambda", "CatalogApiLambda\CatalogApiLambda.csproj", "{C6AFFB3F-2131-49DF-8A43-725600521536}"
EndProject
Global
	GlobalSection(SolutionConfigurationPlatforms) = preSolution
		Debug|Any CPU = Debug|Any CPU
		Release|Any CPU = Release|Any CPU
	EndGlobalSection
	GlobalSection(ProjectConfigurationPlatforms) = postSolution
		{C6AFFB3F-2131-49DF-8A43-725600521536}.Debug|Any CPU.ActiveCfg = Debug|Any CPU
		{C6AFFB3F-2131-49DF-8A43-725600521536}.Debug|Any CPU.Build.0 = Debug|Any CPU
		{C6AFFB3F-2131-49DF-8A43-725600521536}.Release|Any CPU.ActiveCfg = Release|Any CPU
		{C6AFFB3F-2131-49DF-8A43-725600521536}.Release|Any CPU.Build.0 = Release|Any CPU
	EndGlobalSection
	GlobalSection(SolutionProperties) = preSolution
		HideSolutionNode = FALSE
	EndGlobalSection
	GlobalSection(ExtensibilityGlobals) = postSolution
		SolutionGuid = {A93A23CC-93F6-4EE5-9462-24A8A0C0107E}
	EndGlobalSection
EndGlobal
